<?xml version="1.0" encoding="utf-8"?>
<Project ToolsVersion="4.0" xmlns="http://schemas.microsoft.com/developer/msbuild/2003">
  <ItemGroup>
    <ClCompile Include="..\src\main.cpp" />
    <ClCompile Include="..\src\lodepng.cpp" />
    <ClCompile Include="..\src\texture.cpp" />
    <ClCompile Include="..\src\shader.cpp" />
    <ClCompile Include="..\src\model.cpp" />
    <ClCompile Include="..\src\audio.cpp" />
    <ClCompile Include="..\src\model_binding.cpp" />
  </ItemGroup>
  <ItemGroup>
    <ClInclude Include="..\src\lodepng.h" />
    <ClInclude Include="..\src\chunk.h" />
    <ClInclude Include="..\src\texture.h" />
    <ClInclude Include="..\src\shader.h" />
    <ClInclude Include="..\src\model.h" />
    <ClInclude Include="..\src\audio.h" />
    <ClInclude Include="..\src\model_binding.h" />
  </ItemGroup>
</Project>