<?xml version="1.0" encoding="utf-8"?>
<Project ToolsVersion="4.0" xmlns="http://schemas.microsoft.com/developer/msbuild/2003">
  <ItemGroup>
    <ClCompile Include="..\src\main.cpp" />
    <ClCompile Include="..\src\texture.cpp" />
    <ClCompile Include="..\src\shader.cpp" />
    <ClCompile Include="..\src\model.cpp" />
    <ClCompile Include="..\src\audio.cpp" />
    <ClCompile Include="..\src\model_binding.cpp" />
    <ClCompile Include="..\ext\lodepng\lodepng.cpp">
      <Filter>lodepng</Filter>
    </ClCompile>
  </ItemGroup>
  <ItemGroup>
    <ClInclude Include="..\src\chunk.h" />
    <ClInclude Include="..\src\texture.h" />
    <ClInclude Include="..\src\shader.h" />
    <ClInclude Include="..\src\model.h" />
    <ClInclude Include="..\src\audio.h" />
    <ClInclude Include="..\src\model_binding.h" />
    <ClInclude Include="..\src\libs.h" />
    <ClInclude Include="..\ext\lodepng\lodepng.h">
      <Filter>lodepng</Filter>
    </ClInclude>
    <ClInclude Include="..\ext\fbx\include\fbxsdk.h">
      <Filter>fbx</Filter>
    </ClInclude>
  </ItemGroup>
  <ItemGroup>
    <None Include="includes" />
  </ItemGroup>
  <ItemGroup>
    <Filter Include="lodepng">
      <UniqueIdentifier>{44845ef3-cf6f-45a0-95bd-d4b60854de63}</UniqueIdentifier>
    </Filter>
    <Filter Include="fbx">
      <UniqueIdentifier>{9b070aa4-428f-4e54-b2eb-cd50866e36b5}</UniqueIdentifier>
    </Filter>
  </ItemGroup>
</Project>